{
  "nodes": {
    "nixpkgs": {
      "locked": {
        "lastModified": 1786812997,
        "narHash": "sha256-MhbbCm54yrK94xQqTLSosAP1Pt+n7Mw3VZM67ewCcFc=",
        "owner": "nixos",
        "repo": "nixpkgs",
        "rev": "21e486671e60b2f013fc17265b8a764f8c1ab99a",
        "type": "github"
      },
      "original": {
        "owner": "nixos",
        "repo": "nixpkgs",
        "type": "github"
      }
    },
    "root": {
      "inputs": {
        "nixpkgs": "nixpkgs"
      }
    }
  },
  "root": "root",
  "version": 7
}
