{
  "nodes": {
    "nixpkgs": {
      "locked": {
        "lastModified": 1790295748,
        "narHash": "sha256-0eJVHu0SuE1dFBaO+T22oQNp0w9GvzHtkg1mJVWy4PU=",
        "owner": "nixos",
        "repo": "nixpkgs",
        "rev": "5d6035951d69ff26910e558f04960d8556981a2a",
        "type": "github"
      },
      "original": {
        "owner": "nixos",
        "repo": "nixpkgs",
        "type": "github"
      }
    },
    "root": {
      "inputs": {
        "nixpkgs": "nixpkgs"
      }
    }
  },
  "root": "root",
  "version": 7
}
