{
  "nodes": {
    "nixpkgs": {
      "locked": {
        "lastModified": 1788817297,
        "narHash": "sha256-zufHQ38MmiuPYytSqAgu/sSCOrUNQPSXL0Ury/1eSKg=",
        "owner": "nixos",
        "repo": "nixpkgs",
        "rev": "27c5ccec6cd54f36d8be6639e6496ecfbe3a9566",
        "type": "github"
      },
      "original": {
        "owner": "nixos",
        "repo": "nixpkgs",
        "type": "github"
      }
    },
    "root": {
      "inputs": {
        "nixpkgs": "nixpkgs"
      }
    }
  },
  "root": "root",
  "version": 7
}
